
Microsoft Visual Studio Solution File, Format Version 12.00
# Visual Studio Version 17
VisualStudioVersion = 17.14.36221.1
MinimumVisualStudioVersion = 10.0.40219.1
Project("{FAE04EC0-301F-11D3-BF4B-00C04F79EFBC}") = "Notion.Sync.Api", "Notion.Sync.Api\Notion.Sync.Api.csproj", "{3DC1C16D-A002-44D5-B671-ECD59132CD16}"
EndProject
Project("{54A90642-561A-4BB1-A94E-469ADEE60C69}") = "notion.sync.api.client", "notion.sync.api.client\notion.sync.api.client.esproj", "{FDA891E9-E0FD-6F20-0AD0-30B6EC515CC4}"
EndProject
Project("{54A90642-561A-4BB1-A94E-469ADEE60C69}") = "notion.sync.api.node", "notion.sync.api.node\notion.sync.api.node.esproj", "{A5293C44-E77A-8214-482C-4B33CABD828C}"
EndProject
Global
	GlobalSection(SolutionConfigurationPlatforms) = preSolution
		Debug|Any CPU = Debug|Any CPU
		Release|Any CPU = Release|Any CPU
	EndGlobalSection
	GlobalSection(ProjectConfigurationPlatforms) = postSolution
		{3DC1C16D-A002-44D5-B671-ECD59132CD16}.Debug|Any CPU.ActiveCfg = Debug|Any CPU
		{3DC1C16D-A002-44D5-B671-ECD59132CD16}.Debug|Any CPU.Build.0 = Debug|Any CPU
		{3DC1C16D-A002-44D5-B671-ECD59132CD16}.Release|Any CPU.ActiveCfg = Release|Any CPU
		{3DC1C16D-A002-44D5-B671-ECD59132CD16}.Release|Any CPU.Build.0 = Release|Any CPU
		{FDA891E9-E0FD-6F20-0AD0-30B6EC515CC4}.Debug|Any CPU.ActiveCfg = Debug|Any CPU
		{FDA891E9-E0FD-6F20-0AD0-30B6EC515CC4}.Debug|Any CPU.Build.0 = Debug|Any CPU
		{FDA891E9-E0FD-6F20-0AD0-30B6EC515CC4}.Debug|Any CPU.Deploy.0 = Debug|Any CPU
		{FDA891E9-E0FD-6F20-0AD0-30B6EC515CC4}.Release|Any CPU.ActiveCfg = Release|Any CPU
		{FDA891E9-E0FD-6F20-0AD0-30B6EC515CC4}.Release|Any CPU.Build.0 = Release|Any CPU
		{FDA891E9-E0FD-6F20-0AD0-30B6EC515CC4}.Release|Any CPU.Deploy.0 = Release|Any CPU
		{A5293C44-E77A-8214-482C-4B33CABD828C}.Debug|Any CPU.ActiveCfg = Debug|Any CPU
		{A5293C44-E77A-8214-482C-4B33CABD828C}.Debug|Any CPU.Build.0 = Debug|Any CPU
		{A5293C44-E77A-8214-482C-4B33CABD828C}.Debug|Any CPU.Deploy.0 = Debug|Any CPU
		{A5293C44-E77A-8214-482C-4B33CABD828C}.Release|Any CPU.ActiveCfg = Release|Any CPU
		{A5293C44-E77A-8214-482C-4B33CABD828C}.Release|Any CPU.Build.0 = Release|Any CPU
		{A5293C44-E77A-8214-482C-4B33CABD828C}.Release|Any CPU.Deploy.0 = Release|Any CPU
	EndGlobalSection
	GlobalSection(SolutionProperties) = preSolution
		HideSolutionNode = FALSE
	EndGlobalSection
	GlobalSection(ExtensibilityGlobals) = postSolution
		SolutionGuid = {8BE0996A-4C84-4A34-AC71-A14AEF9C710B}
	EndGlobalSection
EndGlobal
